// !$*UTF8*$!
{
	archiveVersion = 1;
	classes = {
	};
	objectVersion = 56;
	objects = {

/* Begin PBXBuildFile section */
		B9CCA7482A6842EB005E8E6B /* MyAppApp.swift in Sources */ = {isa = PBXBuildFile; fileRef = B9CCA7472A6842EB005E8E6B /* MyAppApp.swift */; };
		B9CCA74A2A6842EB005E8E6B /* ContentView.swift in Sources */ = {isa = PBXBuildFile; fileRef = B9CCA7492A6842EB005E8E6B /* ContentView.swift */; };
		B9CCA74C2A6842EC005E8E6B /* Assets.xcassets in Resources */ = {isa = PBXBuildFile; fileRef = B9CCA74B2A6842EC005E8E6B /* Assets.xcassets */; };
		B9CCA74F2A6842EC005E8E6B /* Preview Assets.xcassets in Resources */ = {isa = PBXBuildFile; fileRef = B9CCA74E2A6842EC005E8E6B /* Preview Assets.xcassets */; };
		B9CCA7592A6842EC005E8E6B /* MyAppTests.swift in Sources */ = {isa = PBXBuildFile; fileRef = B9CCA7582A6842EC005E8E6B /* MyAppTests.swift */; };
		B9CCA7632A6842EC005E8E6B /* MyAppUITests.swift in Sources */ = {isa = PBXBuildFile; fileRef = B9CCA7622A6842EC005E8E6B /* MyAppUITests.swift */; };
		B9CCA7652A6842EC005E8E6B /* MyAppUITestsLaunchTests.swift in Sources */ = {isa = PBXBuildFile; fileRef = B9CCA7642A6842EC005E8E6B /* MyAppUITestsLaunchTests.swift */; };
/* End PBXBuildFile section */

/* Begin PBXContainerItemProxy section */
		B9CCA7552A6842EC005E8E6B /* PBXContainerItemProxy */ = {
			isa = PBXContainerItemProxy;
			containerPortal = B9CCA73C2A6842EA005E8E6B /* Project object */;
			proxyType = 1;
			remoteGlobalIDString = B9CCA7432A6842EA005E8E6B;
			remoteInfo = MyApp;
		};
		B9CCA75F2A6842EC005E8E6B /* PBXContainerItemProxy */ = {
			isa = PBXContainerItemProxy;
			containerPortal = B9CCA73C2A6842EA005E8E6B /* Project object */;
			proxyType = 1;
			remoteGlobalIDString = B9CCA7432A6842EA005E8E6B;
			remoteInfo = MyApp;
		};
/* End PBXContainerItemProxy section */

/* Begin PBXFileReference section */
		B9CCA7442A6842EB005E8E6B /* MyApp.app */ = {isa = PBXFileReference; explicitFileType = wrapper.application; includeInIndex = 0; path = MyApp.app; sourceTree = BUILT_PRODUCTS_DIR; };
		B9CCA7472A6842EB005E8E6B /* MyAppApp.swift */ = {isa = PBXFileReference; lastKnownFileType = sourcecode.swift; path = MyAppApp.swift; sourceTree = "<group>"; };
		B9CCA7492A6842EB005E8E6B /* ContentView.swift */ = {isa = PBXFileReference; lastKnownFileType = sourcecode.swift; path = ContentView.swift; sourceTree = "<group>"; };
		B9CCA74B2A6842EC005E8E6B /* Assets.xcassets */ = {isa = PBXFileReference; lastKnownFileType = folder.assetcatalog; path = Assets.xcassets; sourceTree = "<group>"; };
		B9CCA74E2A6842EC005E8E6B /* Preview Assets.xcassets */ = {isa = PBXFileReference; lastKnownFileType = folder.assetcatalog; path = "Preview Assets.xcassets"; sourceTree = "<group>"; };
		B9CCA7542A6842EC005E8E6B /* MyAppTests.xctest */ = {isa = PBXFileReference; explicitFileType = wrapper.cfbundle; includeInIndex = 0; path = MyAppTests.xctest; sourceTree = BUILT_PRODUCTS_DIR; };
		B9CCA7582A6842EC005E8E6B /* MyAppTests.swift */ = {isa = PBXFileReference; lastKnownFileType = sourcecode.swift; path = MyAppTests.swift; sourceTree = "<group>"; };
		B9CCA75E2A6842EC005E8E6B /* MyAppUITests.xctest */ = {isa = PBXFileReference; explicitFileType = wrapper.cfbundle; includeInIndex = 0; path = MyAppUITests.xctest; sourceTree = BUILT_PRODUCTS_DIR; };
		B9CCA7622A6842EC005E8E6B /* MyAppUITests.swift */ = {isa = PBXFileReference; lastKnownFileType = sourcecode.swift; path = MyAppUITests.swift; sourceTree = "<group>"; };
		B9CCA7642A6842EC005E8E6B /* MyAppUITestsLaunchTests.swift */ = {isa = PBXFileReference; lastKnownFileType = sourcecode.swift; path = MyAppUITestsLaunchTests.swift; sourceTree = "<group>"; };
/* End PBXFileReference section */

/* Begin PBXFrameworksBuildPhase section */
		B9CCA7412A6842EA005E8E6B /* Frameworks */ = {
			isa = PBXFrameworksBuildPhase;
			buildActionMask = 2147483647;
			files = (
			);
			runOnlyForDeploymentPostprocessing = 0;
		};
		B9CCA7512A6842EC005E8E6B /* Frameworks */ = {
			isa = PBXFrameworksBuildPhase;
			buildActionMask = 2147483647;
			files = (
			);
			runOnlyForDeploymentPostprocessing = 0;
		};
		B9CCA75B2A6842EC005E8E6B /* Frameworks */ = {
			isa = PBXFrameworksBuildPhase;
			buildActionMask = 2147483647;
			files = (
			);
			runOnlyForDeploymentPostprocessing = 0;
		};
/* End PBXFrameworksBuildPhase section */

/* Begin PBXGroup section */
		B9CCA73B2A6842EA005E8E6B = {
			isa = PBXGroup;
			children = (
				B9CCA7462A6842EB005E8E6B /* MyApp */,
				B9CCA7572A6842EC005E8E6B /* MyAppTests */,
				B9CCA7612A6842EC005E8E6B /* MyAppUITests */,
				B9CCA7452A6842EB005E8E6B /* Products */,
			);
			sourceTree = "<group>";
		};
		B9CCA7452A6842EB005E8E6B /* Products */ = {
			isa = PBXGroup;
			children = (
				B9CCA7442A6842EB005E8E6B /* MyApp.app */,
				B9CCA7542A6842EC005E8E6B /* MyAppTests.xctest */,
				B9CCA75E2A6842EC005E8E6B /* MyAppUITests.xctest */,
			);
			name = Products;
			sourceTree = "<group>";
		};
		B9CCA7462A6842EB005E8E6B /* MyApp */ = {
			isa = PBXGroup;
			children = (
				B9CCA7472A6842EB005E8E6B /* MyAppApp.swift */,
				B9CCA7492A6842EB005E8E6B /* ContentView.swift */,
				B9CCA74B2A6842EC005E8E6B /* Assets.xcassets */,
				B9CCA74D2A6842EC005E8E6B /* Preview Content */,
			);
			path = MyApp;
			sourceTree = "<group>";
		};
		B9CCA74D2A6842EC005E8E6B /* Preview Content */ = {
			isa = PBXGroup;
			children = (
				B9CCA74E2A6842EC005E8E6B /* Preview Assets.xcassets */,
			);
			path = "Preview Content";
			sourceTree = "<group>";
		};
		B9CCA7572A6842EC005E8E6B /* MyAppTests */ = {
			isa = PBXGroup;
			children = (
				B9CCA7582A6842EC005E8E6B /* MyAppTests.swift */,
			);
			path = MyAppTests;
			sourceTree = "<group>";
		};
		B9CCA7612A6842EC005E8E6B /* MyAppUITests */ = {
			isa = PBXGroup;
			children = (
				B9CCA7622A6842EC005E8E6B /* MyAppUITests.swift */,
				B9CCA7642A6842EC005E8E6B /* MyAppUITestsLaunchTests.swift */,
			);
			path = MyAppUITests;
			sourceTree = "<group>";
		};
/* End PBXGroup section */

/* Begin PBXNativeTarget section */
		B9CCA7432A6842EA005E8E6B /* MyApp */ = {
			isa = PBXNativeTarget;
			buildConfigurationList = B9CCA7682A6842EC005E8E6B /* Build configuration list for PBXNativeTarget "MyApp" */;
			buildPhases = (
				B9CCA7402A6842EA005E8E6B /* Sources */,
				B9CCA7412A6842EA005E8E6B /* Frameworks */,
				B9CCA7422A6842EA005E8E6B /* Resources */,
			);
			buildRules = (
			);
			dependencies = (
			);
			name = MyApp;
			productName = MyApp;
			productReference = B9CCA7442A6842EB005E8E6B /* MyApp.app */;
			productType = "com.apple.product-type.application";
		};
		B9CCA7532A6842EC005E8E6B /* MyAppTests */ = {
			isa = PBXNativeTarget;
			buildConfigurationList = B9CCA76B2A6842EC005E8E6B /* Build configuration list for PBXNativeTarget "MyAppTests" */;
			buildPhases = (
				B9CCA7502A6842EC005E8E6B /* Sources */,
				B9CCA7512A6842EC005E8E6B /* Frameworks */,
				B9CCA7522A6842EC005E8E6B /* Resources */,
			);
			buildRules = (
			);
			dependencies = (
				B9CCA7562A6842EC005E8E6B /* PBXTargetDependency */,
			);
			name = MyAppTests;
			productName = MyAppTests;
			productReference = B9CCA7542A6842EC005E8E6B /* MyAppTests.xctest */;
			productType = "com.apple.product-type.bundle.unit-test";
		};
		B9CCA75D2A6842EC005E8E6B /* MyAppUITests */ = {
			isa = PBXNativeTarget;
			buildConfigurationList = B9CCA76E2A6842EC005E8E6B /* Build configuration list for PBXNativeTarget "MyAppUITests" */;
			buildPhases = (
				B9CCA75A2A6842EC005E8E6B /* Sources */,
				B9CCA75B2A6842EC005E8E6B /* Frameworks */,
				B9CCA75C2A6842EC005E8E6B /* Resources */,
			);
			buildRules = (
			);
			dependencies = (
				B9CCA7602A6842EC005E8E6B /* PBXTargetDependency */,
			);
			name = MyAppUITests;
			productName = MyAppUITests;
			productReference = B9CCA75E2A6842EC005E8E6B /* MyAppUITests.xctest */;
			productType = "com.apple.product-type.bundle.ui-testing";
		};
/* End PBXNativeTarget section */

/* Begin PBXProject section */
		B9CCA73C2A6842EA005E8E6B /* Project object */ = {
			isa = PBXProject;
			attributes = {
				BuildIndependentTargetsInParallel = 1;
				LastSwiftUpdateCheck = 1500;
				LastUpgradeCheck = 1500;
				TargetAttributes = {
					B9CCA7432A6842EA005E8E6B = {
						CreatedOnToolsVersion = 15.0;
					};
					B9CCA7532A6842EC005E8E6B = {
						CreatedOnToolsVersion = 15.0;
						TestTargetID = B9CCA7432A6842EA005E8E6B;
					};
					B9CCA75D2A6842EC005E8E6B = {
						CreatedOnToolsVersion = 15.0;
						TestTargetID = B9CCA7432A6842EA005E8E6B;
					};
				};
			};
			buildConfigurationList = B9CCA73F2A6842EA005E8E6B /* Build configuration list for PBXProject "MyApp" */;
			compatibilityVersion = "Xcode 14.0";
			developmentRegion = en;
			hasScannedForEncodings = 0;
			knownRegions = (
				en,
				Base,
			);
			mainGroup = B9CCA73B2A6842EA005E8E6B;
			productRefGroup = B9CCA7452A6842EB005E8E6B /* Products */;
			projectDirPath = "";
			projectRoot = "";
			targets = (
				B9CCA7432A6842EA005E8E6B /* MyApp */,
				B9CCA7532A6842EC005E8E6B /* MyAppTests */,
				B9CCA75D2A6842EC005E8E6B /* MyAppUITests */,
			);
		};
/* End PBXProject section */

/* Begin PBXResourcesBuildPhase section */
		B9CCA7422A6842EA005E8E6B /* Resources */ = {
			isa = PBXResourcesBuildPhase;
			buildActionMask = 2147483647;
			files = (
				B9CCA74F2A6842EC005E8E6B /* Preview Assets.xcassets in Resources */,
				B9CCA74C2A6842EC005E8E6B /* Assets.xcassets in Resources */,
			);
			runOnlyForDeploymentPostprocessing = 0;
		};
		B9CCA7522A6842EC005E8E6B /* Resources */ = {
			isa = PBXResourcesBuildPhase;
			buildActionMask = 2147483647;
			files = (
			);
			runOnlyForDeploymentPostprocessing = 0;
		};
		B9CCA75C2A6842EC005E8E6B /* Resources */ = {
			isa = PBXResourcesBuildPhase;
			buildActionMask = 2147483647;
			files = (
			);
			runOnlyForDeploymentPostprocessing = 0;
		};
/* End PBXResourcesBuildPhase section */

/* Begin PBXSourcesBuildPhase section */
		B9CCA7402A6842EA005E8E6B /* Sources */ = {
			isa = PBXSourcesBuildPhase;
			buildActionMask = 2147483647;
			files = (
				B9CCA74A2A6842EB005E8E6B /* ContentView.swift in Sources */,
				B9CCA7482A6842EB005E8E6B /* MyAppApp.swift in Sources */,
			);
			runOnlyForDeploymentPostprocessing = 0;
		};
		B9CCA7502A6842EC005E8E6B /* Sources */ = {
			isa = PBXSourcesBuildPhase;
			buildActionMask = 2147483647;
			files = (
				B9CCA7592A6842EC005E8E6B /* MyAppTests.swift in Sources */,
			);
			runOnlyForDeploymentPostprocessing = 0;
		};
		B9CCA75A2A6842EC005E8E6B /* Sources */ = {
			isa = PBXSourcesBuildPhase;
			buildActionMask = 2147483647;
			files = (
				B9CCA7652A6842EC005E8E6B /* MyAppUITestsLaunchTests.swift in Sources */,
				B9CCA7632A6842EC005E8E6B /* MyAppUITests.swift in Sources */,
			);
			runOnlyForDeploymentPostprocessing = 0;
		};
/* End PBXSourcesBuildPhase section */

/* Begin PBXTargetDependency section */
		B9CCA7562A6842EC005E8E6B /* PBXTargetDependency */ = {
			isa = PBXTargetDependency;
			target = B9CCA7432A6842EA005E8E6B /* MyApp */;
			targetProxy = B9CCA7552A6842EC005E8E6B /* PBXContainerItemProxy */;
		};
		B9CCA7602A6842EC005E8E6B /* PBXTargetDependency */ = {
			isa = PBXTargetDependency;
			target = B9CCA7432A6842EA005E8E6B /* MyApp */;
			targetProxy = B9CCA75F2A6842EC005E8E6B /* PBXContainerItemProxy */;
		};
/* End PBXTargetDependency section */

/* Begin XCBuildConfiguration section */
		B9CCA7662A6842EC005E8E6B /* Debug */ = {
			isa = XCBuildConfiguration;
			buildSettings = {
				ALWAYS_SEARCH_USER_PATHS = NO;
				ASSETCATALOG_COMPILER_GENERATE_SWIFT_ASSET_SYMBOL_EXTENSIONS = YES;
				CLANG_ANALYZER_NONNULL = YES;
				CLANG_ANALYZER_NUMBER_OBJECT_CONVERSION = YES_AGGRESSIVE;
				CLANG_CXX_LANGUAGE_STANDARD = "gnu++20";
				CLANG_ENABLE_MODULES = YES;
				CLANG_ENABLE_OBJC_ARC = YES;
				CLANG_ENABLE_OBJC_WEAK = YES;
				CLANG_WARN_BLOCK_CAPTURE_AUTORELEASING = YES;
				CLANG_WARN_BOOL_CONVERSION = YES;
				CLANG_WARN_COMMA = YES;
				CLANG_WARN_CONSTANT_CONVERSION = YES;
				CLANG_WARN_DEPRECATED_OBJC_IMPLEMENTATIONS = YES;
				CLANG_WARN_DIRECT_OBJC_ISA_USAGE = YES_ERROR;
				CLANG_WARN_DOCUMENTATION_COMMENTS = YES;
				CLANG_WARN_EMPTY_BODY = YES;
				CLANG_WARN_ENUM_CONVERSION = YES;
				CLANG_WARN_INFINITE_RECURSION = YES;
				CLANG_WARN_INT_CONVERSION = YES;
				CLANG_WARN_NON_LITERAL_NULL_CONVERSION = YES;
				CLANG_WARN_OBJC_IMPLICIT_RETAIN_SELF = YES;
				CLANG_WARN_OBJC_LITERAL_CONVERSION = YES;
				CLANG_WARN_OBJC_ROOT_CLASS = YES_ERROR;
				CLANG_WARN_QUOTED_INCLUDE_IN_FRAMEWORK_HEADER = YES;
				CLANG_WARN_RANGE_LOOP_ANALYSIS = YES;
				CLANG_WARN_STRICT_PROTOTYPES = YES;
				CLANG_WARN_SUSPICIOUS_MOVE = YES;
				CLANG_WARN_UNGUARDED_AVAILABILITY = YES_AGGRESSIVE;
				CLANG_WARN_UNREACHABLE_CODE = YES;
				CLANG_WARN__DUPLICATE_METHOD_MATCH = YES;
				COPY_PHASE_STRIP = NO;
				DEBUG_INFORMATION_FORMAT = dwarf;
				ENABLE_STRICT_OBJC_MSGSEND = YES;
				ENABLE_TESTABILITY = YES;
				ENABLE_USER_SCRIPT_SANDBOXING = YES;
				GCC_C_LANGUAGE_STANDARD = gnu17;
				GCC_DYNAMIC_NO_PIC = NO;
				GCC_NO_COMMON_BLOCKS = YES;
				GCC_OPTIMIZATION_LEVEL = 0;
				GCC_PREPROCESSOR_DEFINITIONS = (
					"DEBUG=1",
					"$(inherited)",
				);
				GCC_WARN_64_TO_32_BIT_CONVERSION = YES;
				GCC_WARN_ABOUT_RETURN_TYPE = YES_ERROR;
				GCC_WARN_UNDECLARED_SELECTOR = YES;
				GCC_WARN_UNINITIALIZED_AUTOS = YES_AGGRESSIVE;
				GCC_WARN_UNUSED_FUNCTION = YES;
				GCC_WARN_UNUSED_VARIABLE = YES;
				IPHONEOS_DEPLOYMENT_TARGET = 17.0;
				LOCALIZATION_PREFERS_STRING_CATALOGS = YES;
				MTL_ENABLE_DEBUG_INFO = INCLUDE_SOURCE;
				MTL_FAST_MATH = YES;
				ONLY_ACTIVE_ARCH = YES;
				SDKROOT = iphoneos;
				SWIFT_ACTIVE_COMPILATION_CONDITIONS = "DEBUG $(inherited)";
				SWIFT_OPTIMIZATION_LEVEL = "-Onone";
			};
			name = Debug;
		};
		B9CCA7672A6842EC005E8E6B /* Release */ = {
			isa = XCBuildConfiguration;
			buildSettings = {
				ALWAYS_SEARCH_USER_PATHS = NO;
				ASSETCATALOG_COMPILER_GENERATE_SWIFT_ASSET_SYMBOL_EXTENSIONS = YES;
				CLANG_ANALYZER_NONNULL = YES;
				CLANG_ANALYZER_NUMBER_OBJECT_CONVERSION = YES_AGGRESSIVE;
				CLANG_CXX_LANGUAGE_STANDARD = "gnu++20";
				CLANG_ENABLE_MODULES = YES;
				CLANG_ENABLE_OBJC_ARC = YES;
				CLANG_ENABLE_OBJC_WEAK = YES;
				CLANG_WARN_BLOCK_CAPTURE_AUTORELEASING = YES;
				CLANG_WARN_BOOL_CONVERSION = YES;
				CLANG_WARN_COMMA = YES;
				CLANG_WARN_CONSTANT_CONVERSION = YES;
				CLANG_WARN_DEPRECATED_OBJC_IMPLEMENTATIONS = YES;
				CLANG_WARN_DIRECT_OBJC_ISA_USAGE = YES_ERROR;
				CLANG_WARN_DOCUMENTATION_COMMENTS = YES;
				CLANG_WARN_EMPTY_BODY = YES;
				CLANG_WARN_ENUM_CONVERSION = YES;
				CLANG_WARN_INFINITE_RECURSION = YES;
				CLANG_WARN_INT_CONVERSION = YES;
				CLANG_WARN_NON_LITERAL_NULL_CONVERSION = YES;
				CLANG_WARN_OBJC_IMPLICIT_RETAIN_SELF = YES;
				CLANG_WARN_OBJC_LITERAL_CONVERSION = YES;
				CLANG_WARN_OBJC_ROOT_CLASS = YES_ERROR;
				CLANG_WARN_QUOTED_INCLUDE_IN_FRAMEWORK_HEADER = YES;
				CLANG_WARN_RANGE_LOOP_ANALYSIS = YES;
				CLANG_WARN_STRICT_PROTOTYPES = YES;
				CLANG_WARN_SUSPICIOUS_MOVE = YES;
				CLANG_WARN_UNGUARDED_AVAILABILITY = YES_AGGRESSIVE;
				CLANG_WARN_UNREACHABLE_CODE = YES;
				CLANG_WARN__DUPLICATE_METHOD_MATCH = YES;
				COPY_PHASE_STRIP = NO;
				DEBUG_INFORMATION_FORMAT = "dwarf-with-dsym";
				ENABLE_NS_ASSERTIONS = NO;
				ENABLE_STRICT_OBJC_MSGSEND = YES;
				ENABLE_USER_SCRIPT_SANDBOXING = YES;
				GCC_C_LANGUAGE_STANDARD = gnu17;
				GCC_NO_COMMON_BLOCKS = YES;
				GCC_WARN_64_TO_32_BIT_CONVERSION = YES;
				GCC_WARN_ABOUT_RETURN_TYPE = YES_ERROR;
				GCC_WARN_UNDECLARED_SELECTOR = YES;
				GCC_WARN_UNINITIALIZED_AUTOS = YES_AGGRESSIVE;
				GCC_WARN_UNUSED_FUNCTION = YES;
				GCC_WARN_UNUSED_VARIABLE = YES;
				IPHONEOS_DEPLOYMENT_TARGET = 17.0;
				LOCALIZATION_PREFERS_STRING_CATALOGS = YES;
				MTL_ENABLE_DEBUG_INFO = NO;
				MTL_FAST_MATH = YES;
				SDKROOT = iphoneos;
				SWIFT_COMPILATION_MODE = wholemodule;
				VALIDATE_PRODUCT = YES;
			};
			name = Release;
		};
		B9CCA7692A6842EC005E8E6B /* Debug */ = {
			isa = XCBuildConfiguration;
			buildSettings = {
				ASSETCATALOG_COMPILER_APPICON_NAME = AppIcon;
				ASSETCATALOG_COMPILER_GLOBAL_ACCENT_COLOR_NAME = AccentColor;
				CODE_SIGN_STYLE = Automatic;
				CURRENT_PROJECT_VERSION = 1;
				DEVELOPMENT_ASSET_PATHS = "\"MyApp/Preview Content\"";
				DEVELOPMENT_TEAM = 6BNLQG73F8;
				ENABLE_PREVIEWS = YES;
				GENERATE_INFOPLIST_FILE = YES;
				INFOPLIST_KEY_UIApplicationSceneManifest_Generation = YES;
				INFOPLIST_KEY_UIApplicationSupportsIndirectInputEvents = YES;
				INFOPLIST_KEY_UILaunchScreen_Generation = YES;
				INFOPLIST_KEY_UISupportedInterfaceOrientations_iPad = "UIInterfaceOrientationPortrait UIInterfaceOrientationPortraitUpsideDown UIInterfaceOrientationLandscapeLeft UIInterfaceOrientationLandscapeRight";
				INFOPLIST_KEY_UISupportedInterfaceOrientations_iPhone = "UIInterfaceOrientationPortrait UIInterfaceOrientationLandscapeLeft UIInterfaceOrientationLandscapeRight";
				LD_RUNPATH_SEARCH_PATHS = (
					"$(inherited)",
					"@executable_path/Frameworks",
				);
				MARKETING_VERSION = 1.0;
				PRODUCT_BUNDLE_IDENTIFIER = cl.erilaz.reality.MyApp;
				PRODUCT_NAME = "$(TARGET_NAME)";
				SWIFT_EMIT_LOC_STRINGS = YES;
				SWIFT_VERSION = 5.0;
				TARGETED_DEVICE_FAMILY = "1,2";
			};
			name = Debug;
		};
		B9CCA76A2A6842EC005E8E6B /* Release */ = {
			isa = XCBuildConfiguration;
			buildSettings = {
				ASSETCATALOG_COMPILER_APPICON_NAME = AppIcon;
				ASSETCATALOG_COMPILER_GLOBAL_ACCENT_COLOR_NAME = AccentColor;
				CODE_SIGN_STYLE = Automatic;
				CURRENT_PROJECT_VERSION = 1;
				DEVELOPMENT_ASSET_PATHS = "\"MyApp/Preview Content\"";
				DEVELOPMENT_TEAM = 6BNLQG73F8;
				ENABLE_PREVIEWS = YES;
				GENERATE_INFOPLIST_FILE = YES;
				INFOPLIST_KEY_UIApplicationSceneManifest_Generation = YES;
				INFOPLIST_KEY_UIApplicationSupportsIndirectInputEvents = YES;
				INFOPLIST_KEY_UILaunchScreen_Generation = YES;
				INFOPLIST_KEY_UISupportedInterfaceOrientations_iPad = "UIInterfaceOrientationPortrait UIInterfaceOrientationPortraitUpsideDown UIInterfaceOrientationLandscapeLeft UIInterfaceOrientationLandscapeRight";
				INFOPLIST_KEY_UISupportedInterfaceOrientations_iPhone = "UIInterfaceOrientationPortrait UIInterfaceOrientationLandscapeLeft UIInterfaceOrientationLandscapeRight";
				LD_RUNPATH_SEARCH_PATHS = (
					"$(inherited)",
					"@executable_path/Frameworks",
				);
				MARKETING_VERSION = 1.0;
				PRODUCT_BUNDLE_IDENTIFIER = cl.erilaz.reality.MyApp;
				PRODUCT_NAME = "$(TARGET_NAME)";
				SWIFT_EMIT_LOC_STRINGS = YES;
				SWIFT_VERSION = 5.0;
				TARGETED_DEVICE_FAMILY = "1,2";
			};
			name = Release;
		};
		B9CCA76C2A6842EC005E8E6B /* Debug */ = {
			isa = XCBuildConfiguration;
			buildSettings = {
				ALWAYS_EMBED_SWIFT_STANDARD_LIBRARIES = YES;
				BUNDLE_LOADER = "$(TEST_HOST)";
				CODE_SIGN_STYLE = Automatic;
				CURRENT_PROJECT_VERSION = 1;
				DEVELOPMENT_TEAM = 6BNLQG73F8;
				GENERATE_INFOPLIST_FILE = YES;
				IPHONEOS_DEPLOYMENT_TARGET = 17.0;
				MARKETING_VERSION = 1.0;
				PRODUCT_BUNDLE_IDENTIFIER = cl.erilaz.reality.MyAppTests;
				PRODUCT_NAME = "$(TARGET_NAME)";
				SWIFT_EMIT_LOC_STRINGS = NO;
				SWIFT_VERSION = 5.0;
				TARGETED_DEVICE_FAMILY = "1,2";
				TEST_HOST = "$(BUILT_PRODUCTS_DIR)/MyApp.app/$(BUNDLE_EXECUTABLE_FOLDER_PATH)/MyApp";
			};
			name = Debug;
		};
		B9CCA76D2A6842EC005E8E6B /* Release */ = {
			isa = XCBuildConfiguration;
			buildSettings = {
				ALWAYS_EMBED_SWIFT_STANDARD_LIBRARIES = YES;
				BUNDLE_LOADER = "$(TEST_HOST)";
				CODE_SIGN_STYLE = Automatic;
				CURRENT_PROJECT_VERSION = 1;
				DEVELOPMENT_TEAM = 6BNLQG73F8;
				GENERATE_INFOPLIST_FILE = YES;
				IPHONEOS_DEPLOYMENT_TARGET = 17.0;
				MARKETING_VERSION = 1.0;
				PRODUCT_BUNDLE_IDENTIFIER = cl.erilaz.reality.MyAppTests;
				PRODUCT_NAME = "$(TARGET_NAME)";
				SWIFT_EMIT_LOC_STRINGS = NO;
				SWIFT_VERSION = 5.0;
				TARGETED_DEVICE_FAMILY = "1,2";
				TEST_HOST = "$(BUILT_PRODUCTS_DIR)/MyApp.app/$(BUNDLE_EXECUTABLE_FOLDER_PATH)/MyApp";
			};
			name = Release;
		};
		B9CCA76F2A6842EC005E8E6B /* Debug */ = {
			isa = XCBuildConfiguration;
			buildSettings = {
				ALWAYS_EMBED_SWIFT_STANDARD_LIBRARIES = YES;
				CODE_SIGN_STYLE = Automatic;
				CURRENT_PROJECT_VERSION = 1;
				DEVELOPMENT_TEAM = 6BNLQG73F8;
				GENERATE_INFOPLIST_FILE = YES;
				MARKETING_VERSION = 1.0;
				PRODUCT_BUNDLE_IDENTIFIER = cl.erilaz.reality.MyAppUITests;
				PRODUCT_NAME = "$(TARGET_NAME)";
				SWIFT_EMIT_LOC_STRINGS = NO;
				SWIFT_VERSION = 5.0;
				TARGETED_DEVICE_FAMILY = "1,2";
				TEST_TARGET_NAME = MyApp;
			};
			name = Debug;
		};
		B9CCA7702A6842EC005E8E6B /* Release */ = {
			isa = XCBuildConfiguration;
			buildSettings = {
				ALWAYS_EMBED_SWIFT_STANDARD_LIBRARIES = YES;
				CODE_SIGN_STYLE = Automatic;
				CURRENT_PROJECT_VERSION = 1;
				DEVELOPMENT_TEAM = 6BNLQG73F8;
				GENERATE_INFOPLIST_FILE = YES;
				MARKETING_VERSION = 1.0;
				PRODUCT_BUNDLE_IDENTIFIER = cl.erilaz.reality.MyAppUITests;
				PRODUCT_NAME = "$(TARGET_NAME)";
				SWIFT_EMIT_LOC_STRINGS = NO;
				SWIFT_VERSION = 5.0;
				TARGETED_DEVICE_FAMILY = "1,2";
				TEST_TARGET_NAME = MyApp;
			};
			name = Release;
		};
/* End XCBuildConfiguration section */

/* Begin XCConfigurationList section */
		B9CCA73F2A6842EA005E8E6B /* Build configuration list for PBXProject "MyApp" */ = {
			isa = XCConfigurationList;
			buildConfigurations = (
				B9CCA7662A6842EC005E8E6B /* Debug */,
				B9CCA7672A6842EC005E8E6B /* Release */,
			);
			defaultConfigurationIsVisible = 0;
			defaultConfigurationName = Release;
		};
		B9CCA7682A6842EC005E8E6B /* Build configuration list for PBXNativeTarget "MyApp" */ = {
			isa = XCConfigurationList;
			buildConfigurations = (
				B9CCA7692A6842EC005E8E6B /* Debug */,
				B9CCA76A2A6842EC005E8E6B /* Release */,
			);
			defaultConfigurationIsVisible = 0;
			defaultConfigurationName = Release;
		};
		B9CCA76B2A6842EC005E8E6B /* Build configuration list for PBXNativeTarget "MyAppTests" */ = {
			isa = XCConfigurationList;
			buildConfigurations = (
				B9CCA76C2A6842EC005E8E6B /* Debug */,
				B9CCA76D2A6842EC005E8E6B /* Release */,
			);
			defaultConfigurationIsVisible = 0;
			defaultConfigurationName = Release;
		};
		B9CCA76E2A6842EC005E8E6B /* Build configuration list for PBXNativeTarget "MyAppUITests" */ = {
			isa = XCConfigurationList;
			buildConfigurations = (
				B9CCA76F2A6842EC005E8E6B /* Debug */,
				B9CCA7702A6842EC005E8E6B /* Release */,
			);
			defaultConfigurationIsVisible = 0;
			defaultConfigurationName = Release;
		};
/* End XCConfigurationList section */
	};
	rootObject = B9CCA73C2A6842EA005E8E6B /* Project object */;
}
